{
  "version": "3",
  "packages": {
    "specifiers": {
      "npm:@google-cloud/storage": "npm:@google-cloud/storage@7.7.0",
      "npm:superjson@1.13.3": "npm:superjson@1.13.3"
    },
    "npm": {
      "@google-cloud/paginator@5.0.0": {
        "integrity": "sha512-87aeg6QQcEPxGCOthnpUjvw4xAZ57G7pL8FS0C4e/81fr3FjkpUpibf1s2v5XGyGhUVGF4Jfg7yEcxqn2iUw1w==",
        "dependencies": {
          "arrify": "arrify@2.0.1",
          "extend": "extend@3.0.2"
        }
      },
      "@google-cloud/projectify@4.0.0": {
        "integrity": "sha512-MmaX6HeSvyPbWGwFq7mXdo0uQZLGBYCwziiLIGq5JVX+/bdI3SAq6bP98trV5eTWfLuvsMcIC1YJOF2vfteLFA==",
        "dependencies": {}
      },
      "@google-cloud/promisify@4.0.0": {
        "integrity": "sha512-Orxzlfb9c67A15cq2JQEyVc7wEsmFBmHjZWZYQMUyJ1qivXyMwdyNOs9odi79hze+2zqdTtu1E19IM/FtqZ10g==",
        "dependencies": {}
      },
      "@google-cloud/storage@7.7.0": {
        "integrity": "sha512-EMCEY+6JiIkx7Dt8NXVGGjy1vRdSGdHkoqZoqjJw7cEBkT7ZkX0c7puedfn1MamnzW5SX4xoa2jVq5u7OWBmkQ==",
        "dependencies": {
          "@google-cloud/paginator": "@google-cloud/paginator@5.0.0",
          "@google-cloud/projectify": "@google-cloud/projectify@4.0.0",
          "@google-cloud/promisify": "@google-cloud/promisify@4.0.0",
          "abort-controller": "abort-controller@3.0.0",
          "async-retry": "async-retry@1.3.3",
          "compressible": "compressible@2.0.18",
          "duplexify": "duplexify@4.1.2",
          "ent": "ent@2.2.0",
          "fast-xml-parser": "fast-xml-parser@4.3.4",
          "gaxios": "gaxios@6.2.0",
          "google-auth-library": "google-auth-library@9.6.3",
          "mime": "mime@3.0.0",
          "mime-types": "mime-types@2.1.35",
          "p-limit": "p-limit@3.1.0",
          "retry-request": "retry-request@7.0.2",
          "teeny-request": "teeny-request@9.0.0",
          "uuid": "uuid@8.3.2"
        }
      },
      "@tootallnate/once@2.0.0": {
        "integrity": "sha512-XCuKFP5PS55gnMVu3dty8KPatLqUoy/ZYzDzAGCQ8JNFCkLXzmI7vNHCR+XpbZaMWQK/vQubr7PkYq8g470J/A==",
        "dependencies": {}
      },
      "@types/caseless@0.12.5": {
        "integrity": "sha512-hWtVTC2q7hc7xZ/RLbxapMvDMgUnDvKvMOpKal4DrMyfGBUfB1oKaZlIRr6mJL+If3bAP6sV/QneGzF6tJjZDg==",
        "dependencies": {}
      },
      "@types/node@18.16.19": {
        "integrity": "sha512-IXl7o+R9iti9eBW4Wg2hx1xQDig183jj7YLn8F7udNceyfkbn1ZxmzZXuak20gR40D7pIkIY1kYGx5VIGbaHKA==",
        "dependencies": {}
      },
      "@types/request@2.48.12": {
        "integrity": "sha512-G3sY+NpsA9jnwm0ixhAFQSJ3Q9JkpLZpJbI3GMv0mIAT0y3mRabYeINzal5WOChIiaTEGQYlHOKgkaM9EisWHw==",
        "dependencies": {
          "@types/caseless": "@types/caseless@0.12.5",
          "@types/node": "@types/node@18.16.19",
          "@types/tough-cookie": "@types/tough-cookie@4.0.5",
          "form-data": "form-data@2.5.1"
        }
      },
      "@types/tough-cookie@4.0.5": {
        "integrity": "sha512-/Ad8+nIOV7Rl++6f1BdKxFSMgmoqEoYbHRpPcx3JEfv8VRsQe9Z4mCXeJBzxs7mbHY/XOZZuXlRNfhpVPbs6ZA==",
        "dependencies": {}
      },
      "abort-controller@3.0.0": {
        "integrity": "sha512-h8lQ8tacZYnR3vNQTgibj+tODHI5/+l06Au2Pcriv/Gmet0eaj4TwWH41sO9wnHDiQsEj19q0drzdWdeAHtweg==",
        "dependencies": {
          "event-target-shim": "event-target-shim@5.0.1"
        }
      },
      "agent-base@6.0.2": {
        "integrity": "sha512-RZNwNclF7+MS/8bDg70amg32dyeZGZxiDuQmZxKLAlQjr3jGyLx+4Kkk58UO7D2QdgFIQCovuSuZESne6RG6XQ==",
        "dependencies": {
          "debug": "debug@4.3.4"
        }
      },
      "agent-base@7.1.0": {
        "integrity": "sha512-o/zjMZRhJxny7OyEF+Op8X+efiELC7k7yOjMzgfzVqOzXqkBkWI79YoTdOtsuWd5BWhAGAuOY/Xa6xpiaWXiNg==",
        "dependencies": {
          "debug": "debug@4.3.4"
        }
      },
      "arrify@2.0.1": {
        "integrity": "sha512-3duEwti880xqi4eAMN8AyR4a0ByT90zoYdLlevfrvU43vb0YZwZVfxOgxWrLXXXpyugL0hNZc9G6BiB5B3nUug==",
        "dependencies": {}
      },
      "async-retry@1.3.3": {
        "integrity": "sha512-wfr/jstw9xNi/0teMHrRW7dsz3Lt5ARhYNZ2ewpadnhaIp5mbALhOAP+EAdsC7t4Z6wqsDVv9+W6gm1Dk9mEyw==",
        "dependencies": {
          "retry": "retry@0.13.1"
        }
      },
      "asynckit@0.4.0": {
        "integrity": "sha512-Oei9OH4tRh0YqU3GxhX79dM/mwVgvbZJaSNaRk+bshkj0S5cfHcgYakreBjrHwatXKbz+IoIdYLxrKim2MjW0Q==",
        "dependencies": {}
      },
      "base64-js@1.5.1": {
        "integrity": "sha512-AKpaYlHn8t4SVbOHCy+b5+KKgvR4vrsD8vbvrbiQJps7fKDTkjkDry6ji0rUJjC0kzbNePLwzxq8iypo41qeWA==",
        "dependencies": {}
      },
      "bignumber.js@9.1.2": {
        "integrity": "sha512-2/mKyZH9K85bzOEfhXDBFZTGd1CTs+5IHpeFQo9luiBG7hghdC851Pj2WAhb6E3R6b9tZj/XKhbg4fum+Kepug==",
        "dependencies": {}
      },
      "buffer-equal-constant-time@1.0.1": {
        "integrity": "sha512-zRpUiDwd/xk6ADqPMATG8vc9VPrkck7T07OIx0gnjmJAnHnTVXNQG3vfvWNuiZIkwu9KrKdA1iJKfsfTVxE6NA==",
        "dependencies": {}
      },
      "combined-stream@1.0.8": {
        "integrity": "sha512-FQN4MRfuJeHf7cBbBMJFXhKSDq+2kAArBlmRBvcvFE5BB1HZKXtSFASDhdlz9zOYwxh8lDdnvmMOe/+5cdoEdg==",
        "dependencies": {
          "delayed-stream": "delayed-stream@1.0.0"
        }
      },
      "compressible@2.0.18": {
        "integrity": "sha512-AF3r7P5dWxL8MxyITRMlORQNaOA2IkAFaTr4k7BUumjPtRpGDTZpl0Pb1XCO6JeDCBdp126Cgs9sMxqSjgYyRg==",
        "dependencies": {
          "mime-db": "mime-db@1.52.0"
        }
      },
      "copy-anything@3.0.5": {
        "integrity": "sha512-yCEafptTtb4bk7GLEQoM8KVJpxAfdBJYaXyzQEgQQQgYrZiDp8SJmGKlYza6CYjEDNstAdNdKA3UuoULlEbS6w==",
        "dependencies": {
          "is-what": "is-what@4.1.16"
        }
      },
      "debug@4.3.4": {
        "integrity": "sha512-PRWFHuSU3eDtQJPvnNY7Jcket1j0t5OuOsFzPPzsekD52Zl8qUfFIPEiswXqIvHWGVHOgX+7G/vCNNhehwxfkQ==",
        "dependencies": {
          "ms": "ms@2.1.2"
        }
      },
      "delayed-stream@1.0.0": {
        "integrity": "sha512-ZySD7Nf91aLB0RxL4KGrKHBXl7Eds1DAmEdcoVawXnLD7SDhpNgtuII2aAkg7a7QS41jxPSZ17p4VdGnMHk3MQ==",
        "dependencies": {}
      },
      "duplexify@4.1.2": {
        "integrity": "sha512-fz3OjcNCHmRP12MJoZMPglx8m4rrFP8rovnk4vT8Fs+aonZoCwGg10dSsQsfP/E62eZcPTMSMP6686fu9Qlqtw==",
        "dependencies": {
          "end-of-stream": "end-of-stream@1.4.4",
          "inherits": "inherits@2.0.4",
          "readable-stream": "readable-stream@3.6.2",
          "stream-shift": "stream-shift@1.0.3"
        }
      },
      "ecdsa-sig-formatter@1.0.11": {
        "integrity": "sha512-nagl3RYrbNv6kQkeJIpt6NJZy8twLB/2vtz6yN9Z4vRKHN4/QZJIEbqohALSgwKdnksuY3k5Addp5lg8sVoVcQ==",
        "dependencies": {
          "safe-buffer": "safe-buffer@5.2.1"
        }
      },
      "end-of-stream@1.4.4": {
        "integrity": "sha512-+uw1inIHVPQoaVuHzRyXd21icM+cnt4CzD5rW+NC1wjOUSTOs+Te7FOv7AhN7vS9x/oIyhLP5PR1H+phQAHu5Q==",
        "dependencies": {
          "once": "once@1.4.0"
        }
      },
      "ent@2.2.0": {
        "integrity": "sha512-GHrMyVZQWvTIdDtpiEXdHZnFQKzeO09apj8Cbl4pKWy4i0Oprcq17usfDt5aO63swf0JOeMWjWQE/LzgSRuWpA==",
        "dependencies": {}
      },
      "event-target-shim@5.0.1": {
        "integrity": "sha512-i/2XbnSz/uxRCU6+NdVJgKWDTM427+MqYbkQzD321DuCQJUqOuJKIA0IM2+W2xtYHdKOmZ4dR6fExsd4SXL+WQ==",
        "dependencies": {}
      },
      "extend@3.0.2": {
        "integrity": "sha512-fjquC59cD7CyW6urNXK0FBufkZcoiGG80wTuPujX590cB5Ttln20E2UB4S/WARVqhXffZl2LNgS+gQdPIIim/g==",
        "dependencies": {}
      },
      "fast-xml-parser@4.3.4": {
        "integrity": "sha512-utnwm92SyozgA3hhH2I8qldf2lBqm6qHOICawRNRFu1qMe3+oqr+GcXjGqTmXTMGE5T4eC03kr/rlh5C1IRdZA==",
        "dependencies": {
          "strnum": "strnum@1.0.5"
        }
      },
      "form-data@2.5.1": {
        "integrity": "sha512-m21N3WOmEEURgk6B9GLOE4RuWOFf28Lhh9qGYeNlGq4VDXUlJy2th2slBNU8Gp8EzloYZOibZJ7t5ecIrFSjVA==",
        "dependencies": {
          "asynckit": "asynckit@0.4.0",
          "combined-stream": "combined-stream@1.0.8",
          "mime-types": "mime-types@2.1.35"
        }
      },
      "gaxios@6.2.0": {
        "integrity": "sha512-H6+bHeoEAU5D6XNc6mPKeN5dLZqEDs9Gpk6I+SZBEzK5So58JVrHPmevNi35fRl1J9Y5TaeLW0kYx3pCJ1U2mQ==",
        "dependencies": {
          "extend": "extend@3.0.2",
          "https-proxy-agent": "https-proxy-agent@7.0.2",
          "is-stream": "is-stream@2.0.1",
          "node-fetch": "node-fetch@2.7.0"
        }
      },
      "gcp-metadata@6.1.0": {
        "integrity": "sha512-Jh/AIwwgaxan+7ZUUmRLCjtchyDiqh4KjBJ5tW3plBZb5iL/BPcso8A5DlzeD9qlw0duCamnNdpFjxwaT0KyKg==",
        "dependencies": {
          "gaxios": "gaxios@6.2.0",
          "json-bigint": "json-bigint@1.0.0"
        }
      },
      "google-auth-library@9.6.3": {
        "integrity": "sha512-4CacM29MLC2eT9Cey5GDVK4Q8t+MMp8+OEdOaqD9MG6b0dOyLORaaeJMPQ7EESVgm/+z5EKYyFLxgzBJlJgyHQ==",
        "dependencies": {
          "base64-js": "base64-js@1.5.1",
          "ecdsa-sig-formatter": "ecdsa-sig-formatter@1.0.11",
          "gaxios": "gaxios@6.2.0",
          "gcp-metadata": "gcp-metadata@6.1.0",
          "gtoken": "gtoken@7.1.0",
          "jws": "jws@4.0.0"
        }
      },
      "gtoken@7.1.0": {
        "integrity": "sha512-pCcEwRi+TKpMlxAQObHDQ56KawURgyAf6jtIY046fJ5tIv3zDe/LEIubckAO8fj6JnAxLdmWkUfNyulQ2iKdEw==",
        "dependencies": {
          "gaxios": "gaxios@6.2.0",
          "jws": "jws@4.0.0"
        }
      },
      "http-proxy-agent@5.0.0": {
        "integrity": "sha512-n2hY8YdoRE1i7r6M0w9DIw5GgZN0G25P8zLCRQ8rjXtTU3vsNFBI/vWK/UIeE6g5MUUz6avwAPXmL6Fy9D/90w==",
        "dependencies": {
          "@tootallnate/once": "@tootallnate/once@2.0.0",
          "agent-base": "agent-base@6.0.2",
          "debug": "debug@4.3.4"
        }
      },
      "https-proxy-agent@5.0.1": {
        "integrity": "sha512-dFcAjpTQFgoLMzC2VwU+C/CbS7uRL0lWmxDITmqm7C+7F0Odmj6s9l6alZc6AELXhrnggM2CeWSXHGOdX2YtwA==",
        "dependencies": {
          "agent-base": "agent-base@6.0.2",
          "debug": "debug@4.3.4"
        }
      },
      "https-proxy-agent@7.0.2": {
        "integrity": "sha512-NmLNjm6ucYwtcUmL7JQC1ZQ57LmHP4lT15FQ8D61nak1rO6DH+fz5qNK2Ap5UN4ZapYICE3/0KodcLYSPsPbaA==",
        "dependencies": {
          "agent-base": "agent-base@7.1.0",
          "debug": "debug@4.3.4"
        }
      },
      "inherits@2.0.4": {
        "integrity": "sha512-k/vGaX4/Yla3WzyMCvTQOXYeIHvqOKtnqBduzTHpzpQZzAskKMhZ2K+EnBiSM9zGSoIFeMpXKxa4dYeZIQqewQ==",
        "dependencies": {}
      },
      "is-stream@2.0.1": {
        "integrity": "sha512-hFoiJiTl63nn+kstHGBtewWSKnQLpyb155KHheA1l39uvtO9nWIop1p3udqPcUd/xbF1VLMO4n7OI6p7RbngDg==",
        "dependencies": {}
      },
      "is-what@4.1.16": {
        "integrity": "sha512-ZhMwEosbFJkA0YhFnNDgTM4ZxDRsS6HqTo7qsZM08fehyRYIYa0yHu5R6mgo1n/8MgaPBXiPimPD77baVFYg+A==",
        "dependencies": {}
      },
      "json-bigint@1.0.0": {
        "integrity": "sha512-SiPv/8VpZuWbvLSMtTDU8hEfrZWg/mH/nV/b4o0CYbSxu1UIQPLdwKOCIyLQX+VIPO5vrLX3i8qtqFyhdPSUSQ==",
        "dependencies": {
          "bignumber.js": "bignumber.js@9.1.2"
        }
      },
      "jwa@2.0.0": {
        "integrity": "sha512-jrZ2Qx916EA+fq9cEAeCROWPTfCwi1IVHqT2tapuqLEVVDKFDENFw1oL+MwrTvH6msKxsd1YTDVw6uKEcsrLEA==",
        "dependencies": {
          "buffer-equal-constant-time": "buffer-equal-constant-time@1.0.1",
          "ecdsa-sig-formatter": "ecdsa-sig-formatter@1.0.11",
          "safe-buffer": "safe-buffer@5.2.1"
        }
      },
      "jws@4.0.0": {
        "integrity": "sha512-KDncfTmOZoOMTFG4mBlG0qUIOlc03fmzH+ru6RgYVZhPkyiy/92Owlt/8UEN+a4TXR1FQetfIpJE8ApdvdVxTg==",
        "dependencies": {
          "jwa": "jwa@2.0.0",
          "safe-buffer": "safe-buffer@5.2.1"
        }
      },
      "mime-db@1.52.0": {
        "integrity": "sha512-sPU4uV7dYlvtWJxwwxHD0PuihVNiE7TyAbQ5SWxDCB9mUYvOgroQOwYQQOKPJ8CIbE+1ETVlOoK1UC2nU3gYvg==",
        "dependencies": {}
      },
      "mime-types@2.1.35": {
        "integrity": "sha512-ZDY+bPm5zTTF+YpCrAU9nK0UgICYPT0QtT1NZWFv4s++TNkcgVaT0g6+4R2uI4MjQjzysHB1zxuWL50hzaeXiw==",
        "dependencies": {
          "mime-db": "mime-db@1.52.0"
        }
      },
      "mime@3.0.0": {
        "integrity": "sha512-jSCU7/VB1loIWBZe14aEYHU/+1UMEHoaO7qxCOVJOw9GgH72VAWppxNcjU+x9a2k3GSIBXNKxXQFqRvvZ7vr3A==",
        "dependencies": {}
      },
      "ms@2.1.2": {
        "integrity": "sha512-sGkPx+VjMtmA6MX27oA4FBFELFCZZ4S4XqeGOXCv68tT+jb3vk/RyaKWP0PTKyWtmLSM0b+adUTEvbs1PEaH2w==",
        "dependencies": {}
      },
      "node-fetch@2.7.0": {
        "integrity": "sha512-c4FRfUm/dbcWZ7U+1Wq0AwCyFL+3nt2bEw05wfxSz+DWpWsitgmSgYmy2dQdWyKC1694ELPqMs/YzUSNozLt8A==",
        "dependencies": {
          "whatwg-url": "whatwg-url@5.0.0"
        }
      },
      "once@1.4.0": {
        "integrity": "sha512-lNaJgI+2Q5URQBkccEKHTQOPaXdUxnZZElQTZY0MFUAuaEqe1E+Nyvgdz/aIyNi6Z9MzO5dv1H8n58/GELp3+w==",
        "dependencies": {
          "wrappy": "wrappy@1.0.2"
        }
      },
      "p-limit@3.1.0": {
        "integrity": "sha512-TYOanM3wGwNGsZN2cVTYPArw454xnXj5qmWF1bEoAc4+cU/ol7GVh7odevjp1FNHduHc3KZMcFduxU5Xc6uJRQ==",
        "dependencies": {
          "yocto-queue": "yocto-queue@0.1.0"
        }
      },
      "readable-stream@3.6.2": {
        "integrity": "sha512-9u/sniCrY3D5WdsERHzHE4G2YCXqoG5FTHUiCC4SIbr6XcLZBY05ya9EKjYek9O5xOAwjGq+1JdGBAS7Q9ScoA==",
        "dependencies": {
          "inherits": "inherits@2.0.4",
          "string_decoder": "string_decoder@1.3.0",
          "util-deprecate": "util-deprecate@1.0.2"
        }
      },
      "retry-request@7.0.2": {
        "integrity": "sha512-dUOvLMJ0/JJYEn8NrpOaGNE7X3vpI5XlZS/u0ANjqtcZVKnIxP7IgCFwrKTxENw29emmwug53awKtaMm4i9g5w==",
        "dependencies": {
          "@types/request": "@types/request@2.48.12",
          "extend": "extend@3.0.2",
          "teeny-request": "teeny-request@9.0.0"
        }
      },
      "retry@0.13.1": {
        "integrity": "sha512-XQBQ3I8W1Cge0Seh+6gjj03LbmRFWuoszgK9ooCpwYIrhhoO80pfq4cUkU5DkknwfOfFteRwlZ56PYOGYyFWdg==",
        "dependencies": {}
      },
      "safe-buffer@5.2.1": {
        "integrity": "sha512-rp3So07KcdmmKbGvgaNxQSJr7bGVSVk5S9Eq1F+ppbRo70+YeaDxkw5Dd8NPN+GD6bjnYm2VuPuCXmpuYvmCXQ==",
        "dependencies": {}
      },
      "stream-events@1.0.5": {
        "integrity": "sha512-E1GUzBSgvct8Jsb3v2X15pjzN1tYebtbLaMg+eBOUOAxgbLoSbT2NS91ckc5lJD1KfLjId+jXJRgo0qnV5Nerg==",
        "dependencies": {
          "stubs": "stubs@3.0.0"
        }
      },
      "stream-shift@1.0.3": {
        "integrity": "sha512-76ORR0DO1o1hlKwTbi/DM3EXWGf3ZJYO8cXX5RJwnul2DEg2oyoZyjLNoQM8WsvZiFKCRfC1O0J7iCvie3RZmQ==",
        "dependencies": {}
      },
      "string_decoder@1.3.0": {
        "integrity": "sha512-hkRX8U1WjJFd8LsDJ2yQ/wWWxaopEsABU1XfkM8A+j0+85JAGppt16cr1Whg6KIbb4okU6Mql6BOj+uup/wKeA==",
        "dependencies": {
          "safe-buffer": "safe-buffer@5.2.1"
        }
      },
      "strnum@1.0.5": {
        "integrity": "sha512-J8bbNyKKXl5qYcR36TIO8W3mVGVHrmmxsd5PAItGkmyzwJvybiw2IVq5nqd0i4LSNSkB/sx9VHllbfFdr9k1JA==",
        "dependencies": {}
      },
      "stubs@3.0.0": {
        "integrity": "sha512-PdHt7hHUJKxvTCgbKX9C1V/ftOcjJQgz8BZwNfV5c4B6dcGqlpelTbJ999jBGZ2jYiPAwcX5dP6oBwVlBlUbxw==",
        "dependencies": {}
      },
      "superjson@1.13.3": {
        "integrity": "sha512-mJiVjfd2vokfDxsQPOwJ/PtanO87LhpYY88ubI5dUB1Ab58Txbyje3+jpm+/83R/fevaq/107NNhtYBLuoTrFg==",
        "dependencies": {
          "copy-anything": "copy-anything@3.0.5"
        }
      },
      "teeny-request@9.0.0": {
        "integrity": "sha512-resvxdc6Mgb7YEThw6G6bExlXKkv6+YbuzGg9xuXxSgxJF7Ozs+o8Y9+2R3sArdWdW8nOokoQb1yrpFB0pQK2g==",
        "dependencies": {
          "http-proxy-agent": "http-proxy-agent@5.0.0",
          "https-proxy-agent": "https-proxy-agent@5.0.1",
          "node-fetch": "node-fetch@2.7.0",
          "stream-events": "stream-events@1.0.5",
          "uuid": "uuid@9.0.1"
        }
      },
      "tr46@0.0.3": {
        "integrity": "sha512-N3WMsuqV66lT30CrXNbEjx4GEwlow3v6rr4mCcv6prnfwhS01rkgyFdjPNBYd9br7LpXV1+Emh01fHnq2Gdgrw==",
        "dependencies": {}
      },
      "util-deprecate@1.0.2": {
        "integrity": "sha512-EPD5q1uXyFxJpCrLnCc1nHnq3gOa6DZBocAIiI2TaSCA7VCJ1UJDMagCzIkXNsUYfD1daK//LTEQ8xiIbrHtcw==",
        "dependencies": {}
      },
      "uuid@8.3.2": {
        "integrity": "sha512-+NYs2QeMWy+GWFOEm9xnn6HCDp0l7QBD7ml8zLUmJ+93Q5NF0NocErnwkTkXVFNiX3/fpC6afS8Dhb/gz7R7eg==",
        "dependencies": {}
      },
      "uuid@9.0.1": {
        "integrity": "sha512-b+1eJOlsR9K8HJpow9Ok3fiWOWSIcIzXodvv0rQjVoOVNpWMpxf1wZNpt4y9h10odCNrqnYp1OBzRktckBe3sA==",
        "dependencies": {}
      },
      "webidl-conversions@3.0.1": {
        "integrity": "sha512-2JAn3z8AR6rjK8Sm8orRC0h/bcl/DqL7tRPdGZ4I1CjdF+EaMLmYxBHyXuKL849eucPFhvBoxMsflfOb8kxaeQ==",
        "dependencies": {}
      },
      "whatwg-url@5.0.0": {
        "integrity": "sha512-saE57nupxk6v3HY35+jzBwYa0rKSy0XR8JSxZPwgLr7ys0IBzhGviA1/TUGJLmSVqs8pb9AnvICXEuOHLprYTw==",
        "dependencies": {
          "tr46": "tr46@0.0.3",
          "webidl-conversions": "webidl-conversions@3.0.1"
        }
      },
      "wrappy@1.0.2": {
        "integrity": "sha512-l4Sp/DRseor9wL6EvV2+TuQn63dMkPjZ/sp9XkghTEbV9KlPS1xUsZ3u7/IQO4wxtcFB4bgpQPRcR3QCvezPcQ==",
        "dependencies": {}
      },
      "yocto-queue@0.1.0": {
        "integrity": "sha512-rVksvsnNCdJ/ohGc6xgPwyN8eheCxsiLM8mxuE/t/mOVqJewPuO1miLpTHQiRgTKCLexL4MeAFVagts7HmNZ2Q==",
        "dependencies": {}
      }
    }
  },
  "redirects": {
    "https://deno.land/std/testing/asserts.ts": "https://deno.land/std@0.214.0/testing/asserts.ts"
  },
  "remote": {
    "https://deno.land/std@0.190.0/collections/filter_values.ts": "5b9feaf17b9a6e5ffccdd36cf6f38fa4ffa94cff2602d381c2ad0c2a97929652",
    "https://deno.land/std@0.190.0/collections/without_all.ts": "a89f5da0b5830defed4f59666e188df411d8fece35a5f6ca69be6ca71a95c185",
    "https://deno.land/std@0.190.0/dotenv/load.ts": "0636983549b98f29ab75c9a22a42d9723f0a389ece5498fe971e7bb2556a12e2",
    "https://deno.land/std@0.190.0/dotenv/mod.ts": "f5a8123741d1561ae8184a7f043bc097b15132c5171c651142b804b6dbc21853",
    "https://deno.land/std@0.203.0/dotenv/load.ts": "0636983549b98f29ab75c9a22a42d9723f0a389ece5498fe971e7bb2556a12e2",
    "https://deno.land/std@0.203.0/dotenv/mod.ts": "1da8c6d0e7f7d8a5c2b19400b763bc11739df24acec235dda7ea2cfd3d300057",
    "https://deno.land/std@0.214.0/archive/_common.ts": "85edd5cdd4324833f613c1bc055f8e2f935cc9229c6b3044421268d9959997ef",
    "https://deno.land/std@0.214.0/archive/tar.ts": "71ffa23b34301f521c6b2d90923a11e7fe695854bca1332608ab0887870e08e1",
    "https://deno.land/std@0.214.0/assert/_constants.ts": "a271e8ef5a573f1df8e822a6eb9d09df064ad66a4390f21b3e31f820a38e0975",
    "https://deno.land/std@0.214.0/assert/_diff.ts": "dcc63d94ca289aec80644030cf88ccbf7acaa6fbd7b0f22add93616b36593840",
    "https://deno.land/std@0.214.0/assert/_format.ts": "0ba808961bf678437fb486b56405b6fefad2cf87b5809667c781ddee8c32aff4",
    "https://deno.land/std@0.214.0/assert/assert.ts": "bec068b2fccdd434c138a555b19a2c2393b71dfaada02b7d568a01541e67cdc5",
    "https://deno.land/std@0.214.0/assert/assert_equals.ts": "4497c56fe7d2993b0d447926702802fc0becb44e319079e8eca39b482ee01b4e",
    "https://deno.land/std@0.214.0/assert/assert_false.ts": "6f382568e5128c0f855e5f7dbda8624c1ed9af4fcc33ef4a9afeeedcdce99769",
    "https://deno.land/std@0.214.0/assert/assert_instance_of.ts": "72dc1faff1e248692d873c89382fa1579dd7b53b56d52f37f9874a75b11ba444",
    "https://deno.land/std@0.214.0/assert/assert_is_error.ts": "6596f2b5ba89ba2fe9b074f75e9318cda97a2381e59d476812e30077fbdb6ed2",
    "https://deno.land/std@0.214.0/assert/assert_match.ts": "ec2d9680ed3e7b9746ec57ec923a17eef6d476202f339ad91d22277d7f1d16e1",
    "https://deno.land/std@0.214.0/assert/assert_not_instance_of.ts": "8f720d92d83775c40b2542a8d76c60c2d4aeddaf8713c8d11df8984af2604931",
    "https://deno.land/std@0.214.0/assert/assert_not_match.ts": "b4b7c77f146963e2b673c1ce4846473703409eb93f5ab0eb60f6e6f8aeffe39f",
    "https://deno.land/std@0.214.0/assert/assert_not_strict_equals.ts": "da0b8ab60a45d5a9371088378e5313f624799470c3b54c76e8b8abeec40a77be",
    "https://deno.land/std@0.214.0/assert/assert_object_match.ts": "e85e5eef62a56ce364c3afdd27978ccab979288a3e772e6855c270a7b118fa49",
    "https://deno.land/std@0.214.0/assert/assert_strict_equals.ts": "0425a98f70badccb151644c902384c12771a93e65f8ff610244b8147b03a2366",
    "https://deno.land/std@0.214.0/assert/assertion_error.ts": "9f689a101ee586c4ce92f52fa7ddd362e86434ffdf1f848e45987dc7689976b8",
    "https://deno.land/std@0.214.0/assert/equal.ts": "fae5e8a52a11d3ac694bbe1a53e13a7969e3f60791262312e91a3e741ae519e2",
    "https://deno.land/std@0.214.0/bytes/copy.ts": "f29c03168853720dfe82eaa57793d0b9e3543ebfe5306684182f0f1e3bfd422a",
    "https://deno.land/std@0.214.0/dotenv/load.ts": "587b342f0f6a3df071331fe6ba1c823729ab68f7d53805809475e486dd4161d7",
    "https://deno.land/std@0.214.0/dotenv/mod.ts": "0fcdf815a78d6f5bc70de92599fef80bc174da708492c4ed50b87ea480a56baa",
    "https://deno.land/std@0.214.0/dotenv/parse.ts": "55d5d1a5ba76c1324e6dc2f2f7917f03c47e5da5c2c55af11fd0fe2d6a3d3a2e",
    "https://deno.land/std@0.214.0/dotenv/stringify.ts": "0047ad7068289735d08964046aea267a750c141b494ca0e38831b89be6c020c2",
    "https://deno.land/std@0.214.0/encoding/_util.ts": "beacef316c1255da9bc8e95afb1fa56ed69baef919c88dc06ae6cb7a6103d376",
    "https://deno.land/std@0.214.0/encoding/hex.ts": "4d47d3b25103cf81a2ed38f54b394d39a77b63338e1eaa04b70c614cb45ec2e6",
    "https://deno.land/std@0.214.0/expect/_assert_equals.ts": "2410a1c1ab4a11831acb5097761f93dd6cf42437952ad00c81a495f18d8ad719",
    "https://deno.land/std@0.214.0/expect/_assert_not_equals.ts": "283bc81ae5beb7ecbdc26750645f9d686159471a58636dac781923352efdd5d3",
    "https://deno.land/std@0.214.0/expect/_constants.ts": "751a014c4b803ad21287529d55d213d8b5eb34d203cca9509e4c9b84ced440a8",
    "https://deno.land/std@0.214.0/expect/_diff.ts": "dcc63d94ca289aec80644030cf88ccbf7acaa6fbd7b0f22add93616b36593840",
    "https://deno.land/std@0.214.0/expect/_equal.ts": "129dfb33ea07ee132190a7f7b4a6e668bed012fabd3e9c9c778eeaaae4ca8efc",
    "https://deno.land/std@0.214.0/expect/_format.ts": "e456ee08d8255b34b8ff126be2d40adf3bbf695a7e2d82d0a9cd7bb223e40ddb",
    "https://deno.land/std@0.214.0/expect/_inspect_args.ts": "6cc9b3809e6f9671b35d0305d1ed7cc340b00b0455731b0b47b6c2ae707f8f27",
    "https://deno.land/std@0.214.0/expect/_matchers.ts": "f83f60f109769d29efa07e5c4ea961f4dbb8ce1051f62c68f2caa19c385258d4",
    "https://deno.land/std@0.214.0/expect/_mock_util.ts": "7e79e07eb869ff71b96601ac76807c745465bd3c5a3df622abf44c28a0c4ca8c",
    "https://deno.land/std@0.214.0/expect/_types.ts": "c5dc4c4a145e81bb2ab1d9c380ceb9dbc7a1544d916c060c3989570ec1a27c8a",
    "https://deno.land/std@0.214.0/expect/expect.ts": "628e2886ef0b06703c89ae5d948f2d27a3fca7e8b82dab3b5a84b16372d7cf79",
    "https://deno.land/std@0.214.0/expect/fn.ts": "95d85ec98077c7ba4ecfa922d258a7c5c62e88dbaf06fa36627713084f53a6b4",
    "https://deno.land/std@0.214.0/expect/mod.ts": "c650aaf0f9fbf8051d852874b4859a62aeff2917ca0ae7753de9aead6e2f9730",
    "https://deno.land/std@0.214.0/fmt/colors.ts": "aeaee795471b56fc62a3cb2e174ed33e91551b535f44677f6320336aabb54fbb",
    "https://deno.land/std@0.214.0/fs/_create_walk_entry.ts": "5d9d2aaec05bcf09a06748b1684224d33eba7a4de24cf4cf5599991ca6b5b412",
    "https://deno.land/std@0.214.0/fs/_get_file_info_type.ts": "da7bec18a7661dba360a1db475b826b18977582ce6fc9b25f3d4ee0403fe8cbd",
    "https://deno.land/std@0.214.0/fs/_is_same_path.ts": "709c95868345fea051c58b9e96af95cff94e6ae98dfcff2b66dee0c212c4221f",
    "https://deno.land/std@0.214.0/fs/_is_subdir.ts": "c68b309d46cc8568ed83c000f608a61bbdba0943b7524e7a30f9e450cf67eecd",
    "https://deno.land/std@0.214.0/fs/_to_path_string.ts": "29bfc9c6c112254961d75cbf6ba814d6de5349767818eb93090cecfa9665591e",
    "https://deno.land/std@0.214.0/fs/copy.ts": "dc0f68c4b6c3b090bfdb909387e309f6169b746bd713927c9507c9ef545d71f6",
    "https://deno.land/std@0.214.0/fs/empty_dir.ts": "4f01e6d56e2aa8d90ad60f20bc25601f516b00f6c3044cdf6863a058791d91aa",
    "https://deno.land/std@0.214.0/fs/ensure_dir.ts": "dffff68de0d10799b5aa9e39dec4e327e12bbd29e762292193684542648c4aeb",
    "https://deno.land/std@0.214.0/fs/ensure_file.ts": "ac5cfde94786b0284d2c8e9f7f9425269bea1b2140612b4aea1f20b508870f59",
    "https://deno.land/std@0.214.0/fs/ensure_link.ts": "d42af2edefeaa9817873ec6e46dc5d209ac4d744f8c69c5ecc2dffade78465b6",
    "https://deno.land/std@0.214.0/fs/ensure_symlink.ts": "aee3f1655700f60090b4a3037f5b6c07ab37c36807cccad746ce89987719e6d2",
    "https://deno.land/std@0.214.0/fs/eol.ts": "c9807291f78361d49fd986a9be04654610c615c5e2ec63d748976197d30ff206",
    "https://deno.land/std@0.214.0/fs/exists.ts": "d2757ef764eaf5c6c5af7228e8447db2de42ab084a2dae540097f905723d83f5",
    "https://deno.land/std@0.214.0/fs/expand_glob.ts": "a64e4ab51f62780f764789c9cdeacc862d221e35207fb81170a980ccc22868e3",
    "https://deno.land/std@0.214.0/fs/mod.ts": "107f5afa4424c2d3ce2f7e9266173198da30302c69af662c720115fe504dc5ee",
    "https://deno.land/std@0.214.0/fs/move.ts": "39e0d7ccb88a566d20b949712020e766b15ef1ec19159573d11f949bd677909c",
    "https://deno.land/std@0.214.0/fs/walk.ts": "78e1d01a9f75715614bf8d6e58bd77d9fafb1222c41194e607cd3849d7a0e771",
    "https://deno.land/std@0.214.0/io/buf_reader.ts": "c73aad99491ee6db3d6b001fa4a780e9245c67b9296f5bad9c0fa7384e35d47a",
    "https://deno.land/std@0.214.0/io/buffer.ts": "4d1f805f350433e418002accec798bc6c33ce18f614afa65f987c202d7b2234e",
    "https://deno.land/std@0.214.0/io/multi_reader.ts": "554cd275113a50e7db894a09489d5958162c28596369170f32d43c9a86008c3a",
    "https://deno.land/std@0.214.0/path/_common/assert_path.ts": "2ca275f36ac1788b2acb60fb2b79cb06027198bc2ba6fb7e163efaedde98c297",
    "https://deno.land/std@0.214.0/path/_common/basename.ts": "569744855bc8445f3a56087fd2aed56bdad39da971a8d92b138c9913aecc5fa2",
    "https://deno.land/std@0.214.0/path/_common/constants.ts": "dc5f8057159f4b48cd304eb3027e42f1148cf4df1fb4240774d3492b5d12ac0c",
    "https://deno.land/std@0.214.0/path/_common/dirname.ts": "684df4aa71a04bbcc346c692c8485594fc8a90b9408dfbc26ff32cf3e0c98cc8",
    "https://deno.land/std@0.214.0/path/_common/from_file_url.ts": "d672bdeebc11bf80e99bf266f886c70963107bdd31134c4e249eef51133ceccf",
    "https://deno.land/std@0.214.0/path/_common/glob_to_reg_exp.ts": "2007aa87bed6eb2c8ae8381adcc3125027543d9ec347713c1ad2c68427330770",
    "https://deno.land/std@0.214.0/path/_common/normalize.ts": "684df4aa71a04bbcc346c692c8485594fc8a90b9408dfbc26ff32cf3e0c98cc8",
    "https://deno.land/std@0.214.0/path/_common/normalize_string.ts": "dfdf657a1b1a7db7999f7c575ee7e6b0551d9c20f19486c6c3f5ff428384c965",
    "https://deno.land/std@0.214.0/path/_common/strip_trailing_separators.ts": "7024a93447efcdcfeaa9339a98fa63ef9d53de363f1fbe9858970f1bba02655a",
    "https://deno.land/std@0.214.0/path/_os.ts": "8fb9b90fb6b753bd8c77cfd8a33c2ff6c5f5bc185f50de8ca4ac6a05710b2c15",
    "https://deno.land/std@0.214.0/path/basename.ts": "5d341aadb7ada266e2280561692c165771d071c98746fcb66da928870cd47668",
    "https://deno.land/std@0.214.0/path/constants.ts": "0c206169ca104938ede9da48ac952de288f23343304a1c3cb6ec7625e7325f36",
    "https://deno.land/std@0.214.0/path/dirname.ts": "85bd955bf31d62c9aafdd7ff561c4b5fb587d11a9a5a45e2b01aedffa4238a7c",
    "https://deno.land/std@0.214.0/path/from_file_url.ts": "911833ae4fd10a1c84f6271f36151ab785955849117dc48c6e43b929504ee069",
    "https://deno.land/std@0.214.0/path/glob.ts": "04510962905d4b1513b44da9cb195914e0fa46c24359f6feaca20848d797dcb0",
    "https://deno.land/std@0.214.0/path/glob_to_regexp.ts": "83c5fd36a8c86f5e72df9d0f45317f9546afa2ce39acaafe079d43a865aced08",
    "https://deno.land/std@0.214.0/path/is_absolute.ts": "4791afc8bfd0c87f0526eaa616b0d16e7b3ab6a65b62942e50eac68de4ef67d7",
    "https://deno.land/std@0.214.0/path/is_glob.ts": "a65f6195d3058c3050ab905705891b412ff942a292bcbaa1a807a74439a14141",
    "https://deno.land/std@0.214.0/path/join.ts": "ae2ec5ca44c7e84a235fd532e4a0116bfb1f2368b394db1c4fb75e3c0f26a33a",
    "https://deno.land/std@0.214.0/path/join_globs.ts": "e9589869a33dc3982101898ee50903db918ca00ad2614dbe3934d597d7b1fbea",
    "https://deno.land/std@0.214.0/path/normalize.ts": "4155743ccceeed319b350c1e62e931600272fad8ad00c417b91df093867a8352",
    "https://deno.land/std@0.214.0/path/normalize_glob.ts": "98ee8268fad271193603271c203ae973280b5abfbdd2cbca1053fd2af71869ca",
    "https://deno.land/std@0.214.0/path/posix/_util.ts": "1e3937da30f080bfc99fe45d7ed23c47dd8585c5e473b2d771380d3a6937cf9d",
    "https://deno.land/std@0.214.0/path/posix/basename.ts": "39ee27a29f1f35935d3603ccf01d53f3d6e0c5d4d0f84421e65bd1afeff42843",
    "https://deno.land/std@0.214.0/path/posix/constants.ts": "93481efb98cdffa4c719c22a0182b994e5a6aed3047e1962f6c2c75b7592bef1",
    "https://deno.land/std@0.214.0/path/posix/dirname.ts": "6535d2bdd566118963537b9dda8867ba9e2a361015540dc91f5afbb65c0cce8b",
    "https://deno.land/std@0.214.0/path/posix/from_file_url.ts": "951aee3a2c46fd0ed488899d024c6352b59154c70552e90885ed0c2ab699bc40",
    "https://deno.land/std@0.214.0/path/posix/glob_to_regexp.ts": "54d3ff40f309e3732ab6e5b19d7111d2d415248bcd35b67a99defcbc1972e697",
    "https://deno.land/std@0.214.0/path/posix/is_absolute.ts": "cebe561ad0ae294f0ce0365a1879dcfca8abd872821519b4fcc8d8967f888ede",
    "https://deno.land/std@0.214.0/path/posix/join.ts": "aef88d5fa3650f7516730865dbb951594d1a955b785e2450dbee93b8e32694f3",
    "https://deno.land/std@0.214.0/path/posix/join_globs.ts": "ee2f4676c5b8a0dfa519da58b8ade4d1c4aa8dd3fe35619edec883ae9df1f8c9",
    "https://deno.land/std@0.214.0/path/posix/normalize.ts": "baeb49816a8299f90a0237d214cef46f00ba3e95c0d2ceb74205a6a584b58a91",
    "https://deno.land/std@0.214.0/path/posix/normalize_glob.ts": "65f0138fa518ef9ece354f32889783fc38cdf985fb02dcf1c3b14fa47d665640",
    "https://deno.land/std@0.214.0/path/posix/resolve.ts": "bac20d9921beebbbb2b73706683b518b1d0c1b1da514140cee409e90d6b2913a",
    "https://deno.land/std@0.214.0/path/resolve.ts": "a6f977bdb4272e79d8d0ed4333e3d71367cc3926acf15ac271f1d059c8494d8d",
    "https://deno.land/std@0.214.0/path/windows/_util.ts": "d5f47363e5293fced22c984550d5e70e98e266cc3f31769e1710511803d04808",
    "https://deno.land/std@0.214.0/path/windows/basename.ts": "e2dbf31d1d6385bfab1ce38c333aa290b6d7ae9e0ecb8234a654e583cf22f8fe",
    "https://deno.land/std@0.214.0/path/windows/constants.ts": "5afaac0a1f67b68b0a380a4ef391bf59feb55856aa8c60dfc01bd3b6abb813f5",
    "https://deno.land/std@0.214.0/path/windows/dirname.ts": "33e421be5a5558a1346a48e74c330b8e560be7424ed7684ea03c12c21b627bc9",
    "https://deno.land/std@0.214.0/path/windows/from_file_url.ts": "ced2d587b6dff18f963f269d745c4a599cf82b0c4007356bd957cb4cb52efc01",
    "https://deno.land/std@0.214.0/path/windows/glob_to_regexp.ts": "6dcd1242bd8907aa9660cbdd7c93446e6927b201112b0cba37ca5d80f81be51b",
    "https://deno.land/std@0.214.0/path/windows/is_absolute.ts": "4a8f6853f8598cf91a835f41abed42112cebab09478b072e4beb00ec81f8ca8a",
    "https://deno.land/std@0.214.0/path/windows/join.ts": "e0b3356615c1a75c56ebb6a7311157911659e11fd533d80d724800126b761ac3",
    "https://deno.land/std@0.214.0/path/windows/join_globs.ts": "ee2f4676c5b8a0dfa519da58b8ade4d1c4aa8dd3fe35619edec883ae9df1f8c9",
    "https://deno.land/std@0.214.0/path/windows/normalize.ts": "78126170ab917f0ca355a9af9e65ad6bfa5be14d574c5fb09bb1920f52577780",
    "https://deno.land/std@0.214.0/path/windows/normalize_glob.ts": "179c86ba89f4d3fe283d2addbe0607341f79ee9b1ae663abcfb3439db2e97810",
    "https://deno.land/std@0.214.0/path/windows/resolve.ts": "75b2e3e1238d840782cee3d8864d82bfaa593c7af8b22f19c6422cf82f330ab3",
    "https://deno.land/std@0.61.0/_util/assert.ts": "e1f76e77c5ccb5a8e0dbbbe6cce3a56d2556c8cb5a9a8802fc9565af72462149",
    "https://deno.land/std@0.61.0/path/_constants.ts": "e11f32a36644e04dce243f3c1f30c02cc5d149827f48a755628176f0707cfc70",
    "https://deno.land/std@0.61.0/path/_globrex.ts": "696996deed47bd98fcab9de0034233380ead443a5cd702631151c6a71e3d21a2",
    "https://deno.land/std@0.61.0/path/_interface.ts": "5876f91d35fd42624893a4aaddaee352144e1f46e719f1dde6511bab7c3c1029",
    "https://deno.land/std@0.61.0/path/_util.ts": "76f73f9b4a994e2859e9d4544cfc34f0ff21b48893c65023025e572c21a43542",
    "https://deno.land/std@0.61.0/path/common.ts": "e4ec66a7416d56f60331b66e27a8a4f08c7b1cf48e350271cb69754a01cf5c04",
    "https://deno.land/std@0.61.0/path/glob.ts": "ff5c4d04d643083dc5c8a46da83b8c836934155c2a7ad72675c43092b2a435ea",
    "https://deno.land/std@0.61.0/path/mod.ts": "6de8885c2534757097818e302becd1cefcbc4c28ac022cc279e612ee04e8cfd1",
    "https://deno.land/std@0.61.0/path/posix.ts": "2ed477953d037fd42d077822e6db0adaa8dcc4ce1cfbb673b0a49ce1c1c301ff",
    "https://deno.land/std@0.61.0/path/separator.ts": "9dd15d46ff84a16e13554f56af7fee1f85f8d0f379efbbe60ac066a60561f036",
    "https://deno.land/std@0.61.0/path/win32.ts": "e4f0b577346f0936d92b6473369248773db217ce385295024a6875e559376e43",
    "https://deno.land/std@0.73.0/_util/assert.ts": "e1f76e77c5ccb5a8e0dbbbe6cce3a56d2556c8cb5a9a8802fc9565af72462149",
    "https://deno.land/std@0.73.0/bytes/mod.ts": "b1a149ac741728db00bda9ce1a2d044f248edd5ac95e708a6cc501bfd3adb4a7",
    "https://deno.land/std@0.73.0/fmt/colors.ts": "ce9375edade12ca09c257743f223fc469d72578d0c74a55cbf1a34f6198ce3df",
    "https://deno.land/std@0.73.0/fs/_util.ts": "9318f5253cb09177280bdce64b6af97012707cdb458c02864811c2bae1dd1dbd",
    "https://deno.land/std@0.73.0/fs/copy.ts": "e67428e08b660cebc47015899a9ea2657f473111d546a44b7bad44afb28d671a",
    "https://deno.land/std@0.73.0/fs/empty_dir.ts": "4d706eb01e5d08d862c673200d1978526e485368559fc7fb0f297add68f9cc43",
    "https://deno.land/std@0.73.0/fs/ensure_dir.ts": "54cf0cfb16160857116d1bdff98214ad0189275fe2f089607fdc06c52ac79cc4",
    "https://deno.land/std@0.73.0/fs/ensure_file.ts": "b70eccaee6f41ae226d399ad9c8ebc29beb5dd86fe179d30ab7e681976352baf",
    "https://deno.land/std@0.73.0/fs/ensure_link.ts": "f647cea5c3b65f4a6618444546e9ca891d38f54f7fd4c718fb1fd575b4232213",
    "https://deno.land/std@0.73.0/fs/ensure_symlink.ts": "d472af1507fb920db214f6816522ddc89eefd5800735243873053b2523882ec1",
    "https://deno.land/std@0.73.0/fs/eol.ts": "4a0b2a612e0639b76d9c5fab0392e7bf1a158a7dab191ff7b7564870a1173812",
    "https://deno.land/std@0.73.0/fs/exists.ts": "5429dce6587bfcdde06a7a2a1fd5ad932c17d74ca082e67934fa646cff1d2e57",
    "https://deno.land/std@0.73.0/fs/expand_glob.ts": "2e24f621ee478a592929404fd199b7caca833b974fae790e71561b4c331631ab",
    "https://deno.land/std@0.73.0/fs/mod.ts": "54ba0d1dac6de21ac32e3b60b83930e7febb4a2148ed735013b8d911c889d172",
    "https://deno.land/std@0.73.0/fs/move.ts": "020f56063c66288facbebc7d3c8dd3f309b0949fcaea49e463ccd5217fc82e2c",
    "https://deno.land/std@0.73.0/fs/walk.ts": "855a8335b8e85a36466673caca7b4f4558878763922796359e6536cde4f45c53",
    "https://deno.land/std@0.73.0/io/bufio.ts": "9fdfcd7e408aa01cbd31e5d8c90cb8a648635db12e05ba78534296e696c635ee",
    "https://deno.land/std@0.73.0/log/handlers.ts": "5478101085ab28aa96589e451c3e554aed204158016819f49ed305317b74ce03",
    "https://deno.land/std@0.73.0/log/levels.ts": "d274b41f2dc909c6eef4e71c8a50ccbc81ea4e1df28cb268f02942966a205593",
    "https://deno.land/std@0.73.0/log/logger.ts": "2d5b4ef8051e3f947ef41667cd46ebb44d63afac2afbd1558824a01c779bd7ba",
    "https://deno.land/std@0.73.0/log/mod.ts": "397ba9adff432d0ee3f0e3c46f8f573c127e0f362010fdbe3e6f0aa58909c1d4",
    "https://deno.land/std@0.73.0/path/_constants.ts": "aba480c4a2c098b6374fdd5951fea13ecc8aaaf8b8aa4dae1871baa50243d676",
    "https://deno.land/std@0.73.0/path/_interface.ts": "67b276380d297a7cedc3c17f7a0bf122edcfc96a3e1f69de06f379d85ba0e2c0",
    "https://deno.land/std@0.73.0/path/_util.ts": "7820a788b35c26dfc27ff329df12507fc0553ae92727009597046f6cf856b4fa",
    "https://deno.land/std@0.73.0/path/common.ts": "e4ec66a7416d56f60331b66e27a8a4f08c7b1cf48e350271cb69754a01cf5c04",
    "https://deno.land/std@0.73.0/path/glob.ts": "54fea22f0f47dee07399d22e18a34a84eaf4b8a3771bbed96db43bbec71ef237",
    "https://deno.land/std@0.73.0/path/mod.ts": "6de8885c2534757097818e302becd1cefcbc4c28ac022cc279e612ee04e8cfd1",
    "https://deno.land/std@0.73.0/path/posix.ts": "7c2539b5d9e22b47f02ccc5b6ef11e3975a5c60f49d2241271eaa5936e6082a0",
    "https://deno.land/std@0.73.0/path/separator.ts": "9dd15d46ff84a16e13554f56af7fee1f85f8d0f379efbbe60ac066a60561f036",
    "https://deno.land/std@0.73.0/path/win32.ts": "47114c941681ecbabab4ec355cb41d525fb5a14175cc47a5c76fdc5eaee2685a",
    "https://deno.land/x/arch@v1.0.0/mod.ts": "2e57535c24409db87e4d461227088eb4189c320411c05f4a4a96d00c966e2158",
    "https://deno.land/x/compress@v0.4.6/utils/uint8.ts": "9c82e09c065f1f4bc648e3b14df441b43a7960fc7bdb29e9fb8d3a69c7e9d425",
    "https://deno.land/x/compress@v0.4.6/zlib/deflate.ts": "e1e3b406dcc3e20021e53cde427b4b9ced752b72df820de73fec17c6e5ba999e",
    "https://deno.land/x/compress@v0.4.6/zlib/inflate.ts": "618cc3dd25d202bf6b89d92f3ab2865e7495884cafce950638c77cbc1537aeb1",
    "https://deno.land/x/compress@v0.4.6/zlib/mod.ts": "4dca9c1e934b7ab27f31c318abd7bfd39b09be96fd76ba27bd46f3a4e73b4ad0",
    "https://deno.land/x/compress@v0.4.6/zlib/zlib/adler32.ts": "e34c7596d63a655755c4b0a44a40d4f9c1d1c4d3b891e5c1f3f840f8939e1940",
    "https://deno.land/x/compress@v0.4.6/zlib/zlib/crc32.ts": "b9bc4adaf327d32585205d1176bd52f6453c06dd1040544611d4c869e638119c",
    "https://deno.land/x/compress@v0.4.6/zlib/zlib/deflate.ts": "8d1dd88630279313e50deed4fe5feefe8128307cc48fa560e659b5234ab09d83",
    "https://deno.land/x/compress@v0.4.6/zlib/zlib/gzheader.ts": "11e6da7383447aae9791308dc2350a809fa341a876a2da396b03a2a31408c20c",
    "https://deno.land/x/compress@v0.4.6/zlib/zlib/inffast.ts": "282daf5ea16bb876d26e342f3c24fe1a8ec84640e713a970b02232955a853f86",
    "https://deno.land/x/compress@v0.4.6/zlib/zlib/inflate.ts": "76751c1a5b18d70a929fa31ce4959db0bde1b9097bfa1b5ea3b4d1fba2ab92fa",
    "https://deno.land/x/compress@v0.4.6/zlib/zlib/inftrees.ts": "8a6d765a5c42bf3b6990060cabbe52e88493f8ce6d082e6e35d97756914cfb8e",
    "https://deno.land/x/compress@v0.4.6/zlib/zlib/messages.ts": "c82229bd67ccc3b6162f3aca1c5e7f936e546aa91ac9a9ac4fcfefc3a9dc5ac8",
    "https://deno.land/x/compress@v0.4.6/zlib/zlib/status.ts": "5987864d2d43d59bbbfa2e6ef4d5a07284c1d10489cc5843ddf41ac547957ac3",
    "https://deno.land/x/compress@v0.4.6/zlib/zlib/trees.ts": "6b65a767646e031e87e7b725ffad0c511fe701f393a01652e1e7ee8884f60fee",
    "https://deno.land/x/compress@v0.4.6/zlib/zlib/zstream.ts": "c110fd5919235e317d64933852e24a1bba0126202be592e90e58f7b19315ad93",
    "https://deno.land/x/dos@v0.1.0/mod.ts": "74ee99b11192505ea86fe142e4b808d9962340901d3ac49ab3794a8fbf062340",
    "https://deno.land/x/dos@v0.1.0/os/systemInfo.ts": "5d8bc6660937af4f8ab32620901cf88dca861e9714e9379ab8586f7768cdc160",
    "https://deno.land/x/dos@v0.1.0/os/systemPaths.ts": "c31a0a162993e3dcdda51d92b30d979113c622e1b352b2be4c7a04d8188ca71a",
    "https://deno.land/x/hono@v3.12.5/client/client.ts": "9b3bddfd400d069d58320c3f475447d5e61f2c343adad402d5d36fa17f00b481",
    "https://deno.land/x/hono@v3.12.5/client/index.ts": "30def535310a37bede261f1b23d11a9758983b8e9d60a6c56309cee5f6746ab2",
    "https://deno.land/x/hono@v3.12.5/client/types.ts": "f274cd0930b73a05a2aee9e38d6dfdaf9ee89ae8589d4df7beee89e642dd5944",
    "https://deno.land/x/hono@v3.12.5/client/utils.ts": "053273c002963b549d38268a1b423ac8ca211a8028bdab1ed0b781a62aa5e661",
    "https://deno.land/x/hono@v3.12.5/compose.ts": "37d6e33b7db80e4c43a0629b12fd3a1e3406e7d9e62a4bfad4b30426ea7ae4f1",
    "https://deno.land/x/hono@v3.12.5/context.ts": "2c40b46d14f4fa7563d03ec7e75c6a251f8608546f9c75e097deab18fe6be1c1",
    "https://deno.land/x/hono@v3.12.5/helper/adapter/index.ts": "eea9b4caedbfa3a3b4a020bf46c88c0171a00008cd6c10708cd85a3e39d86e62",
    "https://deno.land/x/hono@v3.12.5/helper/cookie/index.ts": "a05ce7e3bafe1f8c7f45d04abf79822716011be75904fe1aad2e99126fd985b9",
    "https://deno.land/x/hono@v3.12.5/helper/html/index.ts": "701ed12b808e8c253247edc02c2c4b32261ae899e9c98f1427f7f6eaa8b7d1ce",
    "https://deno.land/x/hono@v3.12.5/hono-base.ts": "301b30b9db84c382a536e4f1969dac338cd67860a83ce0af82118c42278cc03d",
    "https://deno.land/x/hono@v3.12.5/hono.ts": "2cc4c292e541463a4d6f83edbcea58048d203e9564ae62ec430a3d466b49a865",
    "https://deno.land/x/hono@v3.12.5/http-exception.ts": "6071df078b5f76d279684d52fe82a590f447a64ffe1b75eb5064d0c8a8d2d676",
    "https://deno.land/x/hono@v3.12.5/mod.ts": "90114a97be9111b348129ad0143e764a64921f60dd03b8f3da529db98a0d3a82",
    "https://deno.land/x/hono@v3.12.5/request.ts": "71a67261d14bba95e9a8b4782a1c1704d12d54a77390ce404741df15ab99a109",
    "https://deno.land/x/hono@v3.12.5/router.ts": "880316f561918fc197481755aac2165fdbe2f530b925c5357a9f98d6e2cc85c7",
    "https://deno.land/x/hono@v3.12.5/router/linear-router/index.ts": "8a2a7144c50b1f4a92d9ee99c2c396716af144c868e10608255f969695efccd0",
    "https://deno.land/x/hono@v3.12.5/router/linear-router/router.ts": "1366b3fada26e33c96b0f228aa7962b9c9801c4f484b3991b256aed2c005c668",
    "https://deno.land/x/hono@v3.12.5/router/pattern-router/index.ts": "304a66c50e243872037ed41c7dd79ed0c89d815e17e172e7ad7cdc4bc07d3383",
    "https://deno.land/x/hono@v3.12.5/router/pattern-router/router.ts": "a9a5a2a182cce8c3ae82139892cc0502be7dd8f579f31e76d0302b19b338e548",
    "https://deno.land/x/hono@v3.12.5/router/reg-exp-router/index.ts": "52755829213941756159b7a963097bafde5cc4fc22b13b1c7c9184dc0512d1db",
    "https://deno.land/x/hono@v3.12.5/router/reg-exp-router/node.ts": "5b3fb80411db04c65df066e69fedb2c8c0844753c2633d703336de84d569252c",
    "https://deno.land/x/hono@v3.12.5/router/reg-exp-router/router.ts": "c89a37b14c64518256d2fc216d9db7645e658235648762c3ad6e3fc6872a941c",
    "https://deno.land/x/hono@v3.12.5/router/reg-exp-router/trie.ts": "852ce7207e6701e47fa30889a0d2b8bfcd56d8862c97e7bc9831e0a64bd8835f",
    "https://deno.land/x/hono@v3.12.5/router/smart-router/index.ts": "74f9b4fe15ea535900f2b9b048581915f12fe94e531dd2b0032f5610e61c3bef",
    "https://deno.land/x/hono@v3.12.5/router/smart-router/router.ts": "f1848a2a1eefa316a11853ae12e749552747771fb8a11fe713ae04ea6461140b",
    "https://deno.land/x/hono@v3.12.5/router/trie-router/index.ts": "3eb75e7f71ba81801631b30de6b1f5cefb2c7239c03797e2b2cbab5085911b41",
    "https://deno.land/x/hono@v3.12.5/router/trie-router/node.ts": "326830a78f3ba3f8a7171041c71d541b10fba2fb398067b09bcd35251bb9679f",
    "https://deno.land/x/hono@v3.12.5/router/trie-router/router.ts": "54ced78d35676302c8fcdda4204f7bdf5a7cc907fbf9967c75674b1e394f830d",
    "https://deno.land/x/hono@v3.12.5/types.ts": "4cbc25194e89dcd78dd669e616150041f93eae6ad1825a601230bd922b568810",
    "https://deno.land/x/hono@v3.12.5/utils/body.ts": "7a16a6656331a96bcae57642f8d5e3912bd361cbbcc2c0d2157ecc3f218f7a92",
    "https://deno.land/x/hono@v3.12.5/utils/buffer.ts": "9066a973e64498cb262c7e932f47eed525a51677b17f90893862b7279dc0773e",
    "https://deno.land/x/hono@v3.12.5/utils/cookie.ts": "19920ba6756944aae1ad8585c3ddeaa9df479733f59d05359db096f7361e5e4b",
    "https://deno.land/x/hono@v3.12.5/utils/crypto.ts": "bda0e141bbe46d3a4a20f8fbcb6380d473b617123d9fdfa93e4499410b537acc",
    "https://deno.land/x/hono@v3.12.5/utils/html.ts": "e800e72e2940104e963707edb41a438937693dda8d21bd37a57620e35d36c647",
    "https://deno.land/x/hono@v3.12.5/utils/http-status.ts": "e0c4343ea7717c314dc600131e16b636c29d61cfdaf9df93b267258d1729d1a0",
    "https://deno.land/x/hono@v3.12.5/utils/stream.ts": "f3d15ef4e112b1916b104dc4e8481f07e2b950f23ba3dacedfcfb7e76af9a604",
    "https://deno.land/x/hono@v3.12.5/utils/types.ts": "dcbd0047473e87506ae529cdb4a447971159ba11d1d5a14ca6c35af837012a3a",
    "https://deno.land/x/hono@v3.12.5/utils/url.ts": "9d4e937ea75c1a7d37e6216722cb9f0ab42d730d2c318ae8c2701d7591401a33",
    "https://deno.land/x/hono@v3.12.5/validator/index.ts": "6c986e8b91dcf857ecc8164a506ae8eea8665792a4ff7215471df669c632ae7c",
    "https://deno.land/x/hono@v3.12.5/validator/validator.ts": "97fead75b1e3e460d0895d68eab2be6d774f6d1428e2efb8b4df8ba8bb422c3e",
    "https://deno.land/x/zip@v1.1.0/deps.ts": "affe9575087ac2da562b5f1460e2cc587ac442f13e397f5bcfe2fc30a05768d6",
    "https://deno.land/x/zip@v1.1.0/fileDownloader.ts": "4d30f09924a97a0713259dbb8cc749e21d3e7a5892046b80ac1a5865370dab88",
    "https://deno.land/x/zip@v1.1.0/unzip.ts": "24844d2710ef83aa89d275ffb509d03821bef96982c09ea1b2fbfc11c15a444d"
  }
}
